// !$*UTF8*$!
{
	archiveVersion = 1;
	classes = {
	};
	objectVersion = 55;
	objects = {

/* Begin PBXBuildFile section */
		81E725A5283606E800C1B98B /* CoinLoverApp.swift in Sources */ = {isa = PBXBuildFile; fileRef = 81E725A4283606E800C1B98B /* CoinLoverApp.swift */; };
		81E725A7283606E800C1B98B /* ContentView.swift in Sources */ = {isa = PBXBuildFile; fileRef = 81E725A6283606E800C1B98B /* ContentView.swift */; };
		81E725A9283606EA00C1B98B /* Assets.xcassets in Resources */ = {isa = PBXBuildFile; fileRef = 81E725A8283606EA00C1B98B /* Assets.xcassets */; };
		81E725AC283606EA00C1B98B /* Preview Assets.xcassets in Resources */ = {isa = PBXBuildFile; fileRef = 81E725AB283606EA00C1B98B /* Preview Assets.xcassets */; };
		81E725B42836116200C1B98B /* Color.swift in Sources */ = {isa = PBXBuildFile; fileRef = 81E725B32836116200C1B98B /* Color.swift */; };
		81E725BA2836164700C1B98B /* HomeView.swift in Sources */ = {isa = PBXBuildFile; fileRef = 81E725B92836164600C1B98B /* HomeView.swift */; };
		81E725BE283617AC00C1B98B /* CircleButtonView.swift in Sources */ = {isa = PBXBuildFile; fileRef = 81E725BD283617AC00C1B98B /* CircleButtonView.swift */; };
		81E725C028361BAF00C1B98B /* CircleButtonAnimationView.swift in Sources */ = {isa = PBXBuildFile; fileRef = 81E725BF28361BAF00C1B98B /* CircleButtonAnimationView.swift */; };
/* End PBXBuildFile section */

/* Begin PBXFileReference section */
		81E725A1283606E800C1B98B /* Coin Lover.app */ = {isa = PBXFileReference; explicitFileType = wrapper.application; includeInIndex = 0; path = "Coin Lover.app"; sourceTree = BUILT_PRODUCTS_DIR; };
		81E725A4283606E800C1B98B /* CoinLoverApp.swift */ = {isa = PBXFileReference; lastKnownFileType = sourcecode.swift; path = CoinLoverApp.swift; sourceTree = "<group>"; };
		81E725A6283606E800C1B98B /* ContentView.swift */ = {isa = PBXFileReference; lastKnownFileType = sourcecode.swift; path = ContentView.swift; sourceTree = "<group>"; };
		81E725A8283606EA00C1B98B /* Assets.xcassets */ = {isa = PBXFileReference; lastKnownFileType = folder.assetcatalog; path = Assets.xcassets; sourceTree = "<group>"; };
		81E725AB283606EA00C1B98B /* Preview Assets.xcassets */ = {isa = PBXFileReference; lastKnownFileType = folder.assetcatalog; path = "Preview Assets.xcassets"; sourceTree = "<group>"; };
		81E725B32836116200C1B98B /* Color.swift */ = {isa = PBXFileReference; lastKnownFileType = sourcecode.swift; path = Color.swift; sourceTree = "<group>"; };
		81E725B92836164600C1B98B /* HomeView.swift */ = {isa = PBXFileReference; lastKnownFileType = sourcecode.swift; path = HomeView.swift; sourceTree = "<group>"; };
		81E725BD283617AC00C1B98B /* CircleButtonView.swift */ = {isa = PBXFileReference; lastKnownFileType = sourcecode.swift; path = CircleButtonView.swift; sourceTree = "<group>"; };
		81E725BF28361BAF00C1B98B /* CircleButtonAnimationView.swift */ = {isa = PBXFileReference; lastKnownFileType = sourcecode.swift; path = CircleButtonAnimationView.swift; sourceTree = "<group>"; };
/* End PBXFileReference section */

/* Begin PBXFrameworksBuildPhase section */
		81E7259E283606E800C1B98B /* Frameworks */ = {
			isa = PBXFrameworksBuildPhase;
			buildActionMask = 2147483647;
			files = (
			);
			runOnlyForDeploymentPostprocessing = 0;
		};
/* End PBXFrameworksBuildPhase section */

/* Begin PBXGroup section */
		81E72598283606E800C1B98B = {
			isa = PBXGroup;
			children = (
				81E725A3283606E800C1B98B /* CoinLover */,
				81E725A2283606E800C1B98B /* Products */,
			);
			sourceTree = "<group>";
		};
		81E725A2283606E800C1B98B /* Products */ = {
			isa = PBXGroup;
			children = (
				81E725A1283606E800C1B98B /* Coin Lover.app */,
			);
			name = Products;
			sourceTree = "<group>";
		};
		81E725A3283606E800C1B98B /* CoinLover */ = {
			isa = PBXGroup;
			children = (
				81E725A4283606E800C1B98B /* CoinLoverApp.swift */,
				81E725B22836114900C1B98B /* Extension */,
				81E725B5283615D700C1B98B /* Core */,
				81E725A6283606E800C1B98B /* ContentView.swift */,
				81E725A8283606EA00C1B98B /* Assets.xcassets */,
				81E725AA283606EA00C1B98B /* Preview Content */,
			);
			path = CoinLover;
			sourceTree = "<group>";
		};
		81E725AA283606EA00C1B98B /* Preview Content */ = {
			isa = PBXGroup;
			children = (
				81E725AB283606EA00C1B98B /* Preview Assets.xcassets */,
			);
			path = "Preview Content";
			sourceTree = "<group>";
		};
		81E725B22836114900C1B98B /* Extension */ = {
			isa = PBXGroup;
			children = (
				81E725B32836116200C1B98B /* Color.swift */,
			);
			path = Extension;
			sourceTree = "<group>";
		};
		81E725B5283615D700C1B98B /* Core */ = {
			isa = PBXGroup;
			children = (
				81E725BB2836177400C1B98B /* Components */,
				81E725B6283615EE00C1B98B /* Home */,
			);
			path = Core;
			sourceTree = "<group>";
		};
		81E725B6283615EE00C1B98B /* Home */ = {
			isa = PBXGroup;
			children = (
				81E725B8283615FC00C1B98B /* ViewModels */,
				81E725B7283615F500C1B98B /* Views */,
			);
			path = Home;
			sourceTree = "<group>";
		};
		81E725B7283615F500C1B98B /* Views */ = {
			isa = PBXGroup;
			children = (
				81E725B92836164600C1B98B /* HomeView.swift */,
			);
			path = Views;
			sourceTree = "<group>";
		};
		81E725B8283615FC00C1B98B /* ViewModels */ = {
			isa = PBXGroup;
			children = (
			);
			path = ViewModels;
			sourceTree = "<group>";
		};
		81E725BB2836177400C1B98B /* Components */ = {
			isa = PBXGroup;
			children = (
				81E725BC2836179300C1B98B /* CircleButton */,
			);
			path = Components;
			sourceTree = "<group>";
		};
		81E725BC2836179300C1B98B /* CircleButton */ = {
			isa = PBXGroup;
			children = (
				81E725BD283617AC00C1B98B /* CircleButtonView.swift */,
				81E725BF28361BAF00C1B98B /* CircleButtonAnimationView.swift */,
			);
			path = CircleButton;
			sourceTree = "<group>";
		};
/* End PBXGroup section */

/* Begin PBXNativeTarget section */
		81E725A0283606E800C1B98B /* CoinLover */ = {
			isa = PBXNativeTarget;
			buildConfigurationList = 81E725AF283606EA00C1B98B /* Build configuration list for PBXNativeTarget "CoinLover" */;
			buildPhases = (
				81E7259D283606E800C1B98B /* Sources */,
				81E7259E283606E800C1B98B /* Frameworks */,
				81E7259F283606E800C1B98B /* Resources */,
			);
			buildRules = (
			);
			dependencies = (
			);
			name = CoinLover;
			productName = CoinLover;
			productReference = 81E725A1283606E800C1B98B /* Coin Lover.app */;
			productType = "com.apple.product-type.application";
		};
/* End PBXNativeTarget section */

/* Begin PBXProject section */
		81E72599283606E800C1B98B /* Project object */ = {
			isa = PBXProject;
			attributes = {
				BuildIndependentTargetsInParallel = 1;
				LastSwiftUpdateCheck = 1320;
				LastUpgradeCheck = 1320;
				TargetAttributes = {
					81E725A0283606E800C1B98B = {
						CreatedOnToolsVersion = 13.2.1;
					};
				};
			};
			buildConfigurationList = 81E7259C283606E800C1B98B /* Build configuration list for PBXProject "CoinLover" */;
			compatibilityVersion = "Xcode 13.0";
			developmentRegion = en;
			hasScannedForEncodings = 0;
			knownRegions = (
				en,
				Base,
			);
			mainGroup = 81E72598283606E800C1B98B;
			productRefGroup = 81E725A2283606E800C1B98B /* Products */;
			projectDirPath = "";
			projectRoot = "";
			targets = (
				81E725A0283606E800C1B98B /* CoinLover */,
			);
		};
/* End PBXProject section */

/* Begin PBXResourcesBuildPhase section */
		81E7259F283606E800C1B98B /* Resources */ = {
			isa = PBXResourcesBuildPhase;
			buildActionMask = 2147483647;
			files = (
				81E725AC283606EA00C1B98B /* Preview Assets.xcassets in Resources */,
				81E725A9283606EA00C1B98B /* Assets.xcassets in Resources */,
			);
			runOnlyForDeploymentPostprocessing = 0;
		};
/* End PBXResourcesBuildPhase section */

/* Begin PBXSourcesBuildPhase section */
		81E7259D283606E800C1B98B /* Sources */ = {
			isa = PBXSourcesBuildPhase;
			buildActionMask = 2147483647;
			files = (
				81E725A7283606E800C1B98B /* ContentView.swift in Sources */,
				81E725BA2836164700C1B98B /* HomeView.swift in Sources */,
				81E725A5283606E800C1B98B /* CoinLoverApp.swift in Sources */,
				81E725BE283617AC00C1B98B /* CircleButtonView.swift in Sources */,
				81E725B42836116200C1B98B /* Color.swift in Sources */,
				81E725C028361BAF00C1B98B /* CircleButtonAnimationView.swift in Sources */,
			);
			runOnlyForDeploymentPostprocessing = 0;
		};
/* End PBXSourcesBuildPhase section */

/* Begin XCBuildConfiguration section */
		81E725AD283606EA00C1B98B /* Debug */ = {
			isa = XCBuildConfiguration;
			buildSettings = {
				ALWAYS_SEARCH_USER_PATHS = NO;
				CLANG_ANALYZER_NONNULL = YES;
				CLANG_ANALYZER_NUMBER_OBJECT_CONVERSION = YES_AGGRESSIVE;
				CLANG_CXX_LANGUAGE_STANDARD = "gnu++17";
				CLANG_CXX_LIBRARY = "libc++";
				CLANG_ENABLE_MODULES = YES;
				CLANG_ENABLE_OBJC_ARC = YES;
				CLANG_ENABLE_OBJC_WEAK = YES;
				CLANG_WARN_BLOCK_CAPTURE_AUTORELEASING = YES;
				CLANG_WARN_BOOL_CONVERSION = YES;
				CLANG_WARN_COMMA = YES;
				CLANG_WARN_CONSTANT_CONVERSION = YES;
				CLANG_WARN_DEPRECATED_OBJC_IMPLEMENTATIONS = YES;
				CLANG_WARN_DIRECT_OBJC_ISA_USAGE = YES_ERROR;
				CLANG_WARN_DOCUMENTATION_COMMENTS = YES;
				CLANG_WARN_EMPTY_BODY = YES;
				CLANG_WARN_ENUM_CONVERSION = YES;
				CLANG_WARN_INFINITE_RECURSION = YES;
				CLANG_WARN_INT_CONVERSION = YES;
				CLANG_WARN_NON_LITERAL_NULL_CONVERSION = YES;
				CLANG_WARN_OBJC_IMPLICIT_RETAIN_SELF = YES;
				CLANG_WARN_OBJC_LITERAL_CONVERSION = YES;
				CLANG_WARN_OBJC_ROOT_CLASS = YES_ERROR;
				CLANG_WARN_QUOTED_INCLUDE_IN_FRAMEWORK_HEADER = YES;
				CLANG_WARN_RANGE_LOOP_ANALYSIS = YES;
				CLANG_WARN_STRICT_PROTOTYPES = YES;
				CLANG_WARN_SUSPICIOUS_MOVE = YES;
				CLANG_WARN_UNGUARDED_AVAILABILITY = YES_AGGRESSIVE;
				CLANG_WARN_UNREACHABLE_CODE = YES;
				CLANG_WARN__DUPLICATE_METHOD_MATCH = YES;
				COPY_PHASE_STRIP = NO;
				DEBUG_INFORMATION_FORMAT = dwarf;
				ENABLE_STRICT_OBJC_MSGSEND = YES;
				ENABLE_TESTABILITY = YES;
				GCC_C_LANGUAGE_STANDARD = gnu11;
				GCC_DYNAMIC_NO_PIC = NO;
				GCC_NO_COMMON_BLOCKS = YES;
				GCC_OPTIMIZATION_LEVEL = 0;
				GCC_PREPROCESSOR_DEFINITIONS = (
					"DEBUG=1",
					"$(inherited)",
				);
				GCC_WARN_64_TO_32_BIT_CONVERSION = YES;
				GCC_WARN_ABOUT_RETURN_TYPE = YES_ERROR;
				GCC_WARN_UNDECLARED_SELECTOR = YES;
				GCC_WARN_UNINITIALIZED_AUTOS = YES_AGGRESSIVE;
				GCC_WARN_UNUSED_FUNCTION = YES;
				GCC_WARN_UNUSED_VARIABLE = YES;
				IPHONEOS_DEPLOYMENT_TARGET = 15.0;
				MTL_ENABLE_DEBUG_INFO = INCLUDE_SOURCE;
				MTL_FAST_MATH = YES;
				ONLY_ACTIVE_ARCH = YES;
				SDKROOT = iphoneos;
				SWIFT_ACTIVE_COMPILATION_CONDITIONS = DEBUG;
				SWIFT_OPTIMIZATION_LEVEL = "-Onone";
			};
			name = Debug;
		};
		81E725AE283606EA00C1B98B /* Release */ = {
			isa = XCBuildConfiguration;
			buildSettings = {
				ALWAYS_SEARCH_USER_PATHS = NO;
				CLANG_ANALYZER_NONNULL = YES;
				CLANG_ANALYZER_NUMBER_OBJECT_CONVERSION = YES_AGGRESSIVE;
				CLANG_CXX_LANGUAGE_STANDARD = "gnu++17";
				CLANG_CXX_LIBRARY = "libc++";
				CLANG_ENABLE_MODULES = YES;
				CLANG_ENABLE_OBJC_ARC = YES;
				CLANG_ENABLE_OBJC_WEAK = YES;
				CLANG_WARN_BLOCK_CAPTURE_AUTORELEASING = YES;
				CLANG_WARN_BOOL_CONVERSION = YES;
				CLANG_WARN_COMMA = YES;
				CLANG_WARN_CONSTANT_CONVERSION = YES;
				CLANG_WARN_DEPRECATED_OBJC_IMPLEMENTATIONS = YES;
				CLANG_WARN_DIRECT_OBJC_ISA_USAGE = YES_ERROR;
				CLANG_WARN_DOCUMENTATION_COMMENTS = YES;
				CLANG_WARN_EMPTY_BODY = YES;
				CLANG_WARN_ENUM_CONVERSION = YES;
				CLANG_WARN_INFINITE_RECURSION = YES;
				CLANG_WARN_INT_CONVERSION = YES;
				CLANG_WARN_NON_LITERAL_NULL_CONVERSION = YES;
				CLANG_WARN_OBJC_IMPLICIT_RETAIN_SELF = YES;
				CLANG_WARN_OBJC_LITERAL_CONVERSION = YES;
				CLANG_WARN_OBJC_ROOT_CLASS = YES_ERROR;
				CLANG_WARN_QUOTED_INCLUDE_IN_FRAMEWORK_HEADER = YES;
				CLANG_WARN_RANGE_LOOP_ANALYSIS = YES;
				CLANG_WARN_STRICT_PROTOTYPES = YES;
				CLANG_WARN_SUSPICIOUS_MOVE = YES;
				CLANG_WARN_UNGUARDED_AVAILABILITY = YES_AGGRESSIVE;
				CLANG_WARN_UNREACHABLE_CODE = YES;
				CLANG_WARN__DUPLICATE_METHOD_MATCH = YES;
				COPY_PHASE_STRIP = NO;
				DEBUG_INFORMATION_FORMAT = "dwarf-with-dsym";
				ENABLE_NS_ASSERTIONS = NO;
				ENABLE_STRICT_OBJC_MSGSEND = YES;
				GCC_C_LANGUAGE_STANDARD = gnu11;
				GCC_NO_COMMON_BLOCKS = YES;
				GCC_WARN_64_TO_32_BIT_CONVERSION = YES;
				GCC_WARN_ABOUT_RETURN_TYPE = YES_ERROR;
				GCC_WARN_UNDECLARED_SELECTOR = YES;
				GCC_WARN_UNINITIALIZED_AUTOS = YES_AGGRESSIVE;
				GCC_WARN_UNUSED_FUNCTION = YES;
				GCC_WARN_UNUSED_VARIABLE = YES;
				IPHONEOS_DEPLOYMENT_TARGET = 15.0;
				MTL_ENABLE_DEBUG_INFO = NO;
				MTL_FAST_MATH = YES;
				SDKROOT = iphoneos;
				SWIFT_COMPILATION_MODE = wholemodule;
				SWIFT_OPTIMIZATION_LEVEL = "-O";
				VALIDATE_PRODUCT = YES;
			};
			name = Release;
		};
		81E725B0283606EA00C1B98B /* Debug */ = {
			isa = XCBuildConfiguration;
			buildSettings = {
				ASSETCATALOG_COMPILER_APPICON_NAME = AppIcon;
				ASSETCATALOG_COMPILER_GLOBAL_ACCENT_COLOR_NAME = AccentColor;
				CODE_SIGN_STYLE = Automatic;
				CURRENT_PROJECT_VERSION = 1;
				DEVELOPMENT_ASSET_PATHS = "\"CoinLover/Preview Content\"";
				DEVELOPMENT_TEAM = M63L6X73D4;
				ENABLE_PREVIEWS = YES;
				GENERATE_INFOPLIST_FILE = YES;
				INFOPLIST_KEY_UIApplicationSceneManifest_Generation = YES;
				INFOPLIST_KEY_UIApplicationSupportsIndirectInputEvents = YES;
				INFOPLIST_KEY_UILaunchScreen_Generation = YES;
				INFOPLIST_KEY_UISupportedInterfaceOrientations = UIInterfaceOrientationPortrait;
				INFOPLIST_KEY_UISupportedInterfaceOrientations_iPad = "UIInterfaceOrientationPortrait UIInterfaceOrientationPortraitUpsideDown UIInterfaceOrientationLandscapeLeft UIInterfaceOrientationLandscapeRight";
				INFOPLIST_KEY_UISupportedInterfaceOrientations_iPhone = "UIInterfaceOrientationPortrait UIInterfaceOrientationLandscapeLeft UIInterfaceOrientationLandscapeRight";
				LD_RUNPATH_SEARCH_PATHS = (
					"$(inherited)",
					"@executable_path/Frameworks",
				);
				MARKETING_VERSION = 1.0;
				PRODUCT_BUNDLE_IDENTIFIER = info.jacobko.CoinLover;
				PRODUCT_NAME = "Coin Lover";
				SWIFT_EMIT_LOC_STRINGS = YES;
				SWIFT_VERSION = 5.0;
				TARGETED_DEVICE_FAMILY = "1,2";
			};
			name = Debug;
		};
		81E725B1283606EA00C1B98B /* Release */ = {
			isa = XCBuildConfiguration;
			buildSettings = {
				ASSETCATALOG_COMPILER_APPICON_NAME = AppIcon;
				ASSETCATALOG_COMPILER_GLOBAL_ACCENT_COLOR_NAME = AccentColor;
				CODE_SIGN_STYLE = Automatic;
				CURRENT_PROJECT_VERSION = 1;
				DEVELOPMENT_ASSET_PATHS = "\"CoinLover/Preview Content\"";
				DEVELOPMENT_TEAM = M63L6X73D4;
				ENABLE_PREVIEWS = YES;
				GENERATE_INFOPLIST_FILE = YES;
				INFOPLIST_KEY_UIApplicationSceneManifest_Generation = YES;
				INFOPLIST_KEY_UIApplicationSupportsIndirectInputEvents = YES;
				INFOPLIST_KEY_UILaunchScreen_Generation = YES;
				INFOPLIST_KEY_UISupportedInterfaceOrientations = UIInterfaceOrientationPortrait;
				INFOPLIST_KEY_UISupportedInterfaceOrientations_iPad = "UIInterfaceOrientationPortrait UIInterfaceOrientationPortraitUpsideDown UIInterfaceOrientationLandscapeLeft UIInterfaceOrientationLandscapeRight";
				INFOPLIST_KEY_UISupportedInterfaceOrientations_iPhone = "UIInterfaceOrientationPortrait UIInterfaceOrientationLandscapeLeft UIInterfaceOrientationLandscapeRight";
				LD_RUNPATH_SEARCH_PATHS = (
					"$(inherited)",
					"@executable_path/Frameworks",
				);
				MARKETING_VERSION = 1.0;
				PRODUCT_BUNDLE_IDENTIFIER = info.jacobko.CoinLover;
				PRODUCT_NAME = "Coin Lover";
				SWIFT_EMIT_LOC_STRINGS = YES;
				SWIFT_VERSION = 5.0;
				TARGETED_DEVICE_FAMILY = "1,2";
			};
			name = Release;
		};
/* End XCBuildConfiguration section */

/* Begin XCConfigurationList section */
		81E7259C283606E800C1B98B /* Build configuration list for PBXProject "CoinLover" */ = {
			isa = XCConfigurationList;
			buildConfigurations = (
				81E725AD283606EA00C1B98B /* Debug */,
				81E725AE283606EA00C1B98B /* Release */,
			);
			defaultConfigurationIsVisible = 0;
			defaultConfigurationName = Release;
		};
		81E725AF283606EA00C1B98B /* Build configuration list for PBXNativeTarget "CoinLover" */ = {
			isa = XCConfigurationList;
			buildConfigurations = (
				81E725B0283606EA00C1B98B /* Debug */,
				81E725B1283606EA00C1B98B /* Release */,
			);
			defaultConfigurationIsVisible = 0;
			defaultConfigurationName = Release;
		};
/* End XCConfigurationList section */
	};
	rootObject = 81E72599283606E800C1B98B /* Project object */;
}
